// !$*UTF8*$!
{
	archiveVersion = 1;
	classes = {
	};
	objectVersion = 46;
	objects = {

/* Begin PBXBuildFile section */
		4589BA081D15B90800DA6561 /* PlaySoundsViewController.swift in Sources */ = {isa = PBXBuildFile; fileRef = 4589BA071D15B90800DA6561 /* PlaySoundsViewController.swift */; };
		4589BA0A1D16EB7400DA6561 /* PlaySoundsViewController+Audio.swift in Sources */ = {isa = PBXBuildFile; fileRef = 4589BA091D16EB7400DA6561 /* PlaySoundsViewController+Audio.swift */; };
		45A6E9541D15918E002A995D /* AppDelegate.swift in Sources */ = {isa = PBXBuildFile; fileRef = 45A6E9531D15918E002A995D /* AppDelegate.swift */; };
		45A6E9561D15918E002A995D /* RecordAudioViewController.swift in Sources */ = {isa = PBXBuildFile; fileRef = 45A6E9551D15918E002A995D /* RecordAudioViewController.swift */; };
		45A6E9591D15918E002A995D /* Main.storyboard in Resources */ = {isa = PBXBuildFile; fileRef = 45A6E9571D15918E002A995D /* Main.storyboard */; };
		45A6E95B1D15918E002A995D /* Assets.xcassets in Resources */ = {isa = PBXBuildFile; fileRef = 45A6E95A1D15918E002A995D /* Assets.xcassets */; };
		45A6E95E1D15918E002A995D /* LaunchScreen.storyboard in Resources */ = {isa = PBXBuildFile; fileRef = 45A6E95C1D15918E002A995D /* LaunchScreen.storyboard */; };
		45A6E9691D15918E002A995D /* PitchPerfectTests.swift in Sources */ = {isa = PBXBuildFile; fileRef = 45A6E9681D15918E002A995D /* PitchPerfectTests.swift */; };
		45A6E9741D15918E002A995D /* PitchPerfectUITests.swift in Sources */ = {isa = PBXBuildFile; fileRef = 45A6E9731D15918E002A995D /* PitchPerfectUITests.swift */; };
/* End PBXBuildFile section */

/* Begin PBXContainerItemProxy section */
		45A6E9651D15918E002A995D /* PBXContainerItemProxy */ = {
			isa = PBXContainerItemProxy;
			containerPortal = 45A6E9481D15918D002A995D /* Project object */;
			proxyType = 1;
			remoteGlobalIDString = 45A6E94F1D15918D002A995D;
			remoteInfo = PitchPerfect;
		};
		45A6E9701D15918E002A995D /* PBXContainerItemProxy */ = {
			isa = PBXContainerItemProxy;
			containerPortal = 45A6E9481D15918D002A995D /* Project object */;
			proxyType = 1;
			remoteGlobalIDString = 45A6E94F1D15918D002A995D;
			remoteInfo = PitchPerfect;
		};
/* End PBXContainerItemProxy section */

/* Begin PBXFileReference section */
		4589BA071D15B90800DA6561 /* PlaySoundsViewController.swift */ = {isa = PBXFileReference; fileEncoding = 4; lastKnownFileType = sourcecode.swift; path = PlaySoundsViewController.swift; sourceTree = "<group>"; };
		4589BA091D16EB7400DA6561 /* PlaySoundsViewController+Audio.swift */ = {isa = PBXFileReference; fileEncoding = 4; lastKnownFileType = sourcecode.swift; path = "PlaySoundsViewController+Audio.swift"; sourceTree = "<group>"; };
		45A6E9501D15918D002A995D /* PitchPerfect.app */ = {isa = PBXFileReference; explicitFileType = wrapper.application; includeInIndex = 0; path = PitchPerfect.app; sourceTree = BUILT_PRODUCTS_DIR; };
		45A6E9531D15918E002A995D /* AppDelegate.swift */ = {isa = PBXFileReference; lastKnownFileType = sourcecode.swift; path = AppDelegate.swift; sourceTree = "<group>"; };
		45A6E9551D15918E002A995D /* RecordAudioViewController.swift */ = {isa = PBXFileReference; lastKnownFileType = sourcecode.swift; path = RecordAudioViewController.swift; sourceTree = "<group>"; };
		45A6E9581D15918E002A995D /* Base */ = {isa = PBXFileReference; lastKnownFileType = file.storyboard; name = Base; path = Base.lproj/Main.storyboard; sourceTree = "<group>"; };
		45A6E95A1D15918E002A995D /* Assets.xcassets */ = {isa = PBXFileReference; lastKnownFileType = folder.assetcatalog; path = Assets.xcassets; sourceTree = "<group>"; };
		45A6E95D1D15918E002A995D /* Base */ = {isa = PBXFileReference; lastKnownFileType = file.storyboard; name = Base; path = Base.lproj/LaunchScreen.storyboard; sourceTree = "<group>"; };
		45A6E95F1D15918E002A995D /* Info.plist */ = {isa = PBXFileReference; lastKnownFileType = text.plist.xml; path = Info.plist; sourceTree = "<group>"; };
		45A6E9641D15918E002A995D /* PitchPerfectTests.xctest */ = {isa = PBXFileReference; explicitFileType = wrapper.cfbundle; includeInIndex = 0; path = PitchPerfectTests.xctest; sourceTree = BUILT_PRODUCTS_DIR; };
		45A6E9681D15918E002A995D /* PitchPerfectTests.swift */ = {isa = PBXFileReference; lastKnownFileType = sourcecode.swift; path = PitchPerfectTests.swift; sourceTree = "<group>"; };
		45A6E96A1D15918E002A995D /* Info.plist */ = {isa = PBXFileReference; lastKnownFileType = text.plist.xml; path = Info.plist; sourceTree = "<group>"; };
		45A6E96F1D15918E002A995D /* PitchPerfectUITests.xctest */ = {isa = PBXFileReference; explicitFileType = wrapper.cfbundle; includeInIndex = 0; path = PitchPerfectUITests.xctest; sourceTree = BUILT_PRODUCTS_DIR; };
		45A6E9731D15918E002A995D /* PitchPerfectUITests.swift */ = {isa = PBXFileReference; lastKnownFileType = sourcecode.swift; path = PitchPerfectUITests.swift; sourceTree = "<group>"; };
		45A6E9751D15918E002A995D /* Info.plist */ = {isa = PBXFileReference; lastKnownFileType = text.plist.xml; path = Info.plist; sourceTree = "<group>"; };
/* End PBXFileReference section */

/* Begin PBXFrameworksBuildPhase section */
		45A6E94D1D15918D002A995D /* Frameworks */ = {
			isa = PBXFrameworksBuildPhase;
			buildActionMask = 2147483647;
			files = (
			);
			runOnlyForDeploymentPostprocessing = 0;
		};
		45A6E9611D15918E002A995D /* Frameworks */ = {
			isa = PBXFrameworksBuildPhase;
			buildActionMask = 2147483647;
			files = (
			);
			runOnlyForDeploymentPostprocessing = 0;
		};
		45A6E96C1D15918E002A995D /* Frameworks */ = {
			isa = PBXFrameworksBuildPhase;
			buildActionMask = 2147483647;
			files = (
			);
			runOnlyForDeploymentPostprocessing = 0;
		};
/* End PBXFrameworksBuildPhase section */

/* Begin PBXGroup section */
		45A6E9471D15918D002A995D = {
			isa = PBXGroup;
			children = (
				45A6E9521D15918E002A995D /* PitchPerfect */,
				45A6E9671D15918E002A995D /* PitchPerfectTests */,
				45A6E9721D15918E002A995D /* PitchPerfectUITests */,
				45A6E9511D15918D002A995D /* Products */,
			);
			sourceTree = "<group>";
		};
		45A6E9511D15918D002A995D /* Products */ = {
			isa = PBXGroup;
			children = (
				45A6E9501D15918D002A995D /* PitchPerfect.app */,
				45A6E9641D15918E002A995D /* PitchPerfectTests.xctest */,
				45A6E96F1D15918E002A995D /* PitchPerfectUITests.xctest */,
			);
			name = Products;
			sourceTree = "<group>";
		};
		45A6E9521D15918E002A995D /* PitchPerfect */ = {
			isa = PBXGroup;
			children = (
				45A6E9531D15918E002A995D /* AppDelegate.swift */,
				45A6E9551D15918E002A995D /* RecordAudioViewController.swift */,
				45A6E9571D15918E002A995D /* Main.storyboard */,
				4589BA071D15B90800DA6561 /* PlaySoundsViewController.swift */,
				4589BA091D16EB7400DA6561 /* PlaySoundsViewController+Audio.swift */,
				45A6E95A1D15918E002A995D /* Assets.xcassets */,
				45A6E95C1D15918E002A995D /* LaunchScreen.storyboard */,
				45A6E95F1D15918E002A995D /* Info.plist */,
			);
			path = PitchPerfect;
			sourceTree = "<group>";
		};
		45A6E9671D15918E002A995D /* PitchPerfectTests */ = {
			isa = PBXGroup;
			children = (
				45A6E9681D15918E002A995D /* PitchPerfectTests.swift */,
				45A6E96A1D15918E002A995D /* Info.plist */,
			);
			path = PitchPerfectTests;
			sourceTree = "<group>";
		};
		45A6E9721D15918E002A995D /* PitchPerfectUITests */ = {
			isa = PBXGroup;
			children = (
				45A6E9731D15918E002A995D /* PitchPerfectUITests.swift */,
				45A6E9751D15918E002A995D /* Info.plist */,
			);
			path = PitchPerfectUITests;
			sourceTree = "<group>";
		};
/* End PBXGroup section */

/* Begin PBXNativeTarget section */
		45A6E94F1D15918D002A995D /* PitchPerfect */ = {
			isa = PBXNativeTarget;
			buildConfigurationList = 45A6E9781D15918E002A995D /* Build configuration list for PBXNativeTarget "PitchPerfect" */;
			buildPhases = (
				45A6E94C1D15918D002A995D /* Sources */,
				45A6E94D1D15918D002A995D /* Frameworks */,
				45A6E94E1D15918D002A995D /* Resources */,
			);
			buildRules = (
			);
			dependencies = (
			);
			name = PitchPerfect;
			productName = PitchPerfect;
			productReference = 45A6E9501D15918D002A995D /* PitchPerfect.app */;
			productType = "com.apple.product-type.application";
		};
		45A6E9631D15918E002A995D /* PitchPerfectTests */ = {
			isa = PBXNativeTarget;
			buildConfigurationList = 45A6E97B1D15918E002A995D /* Build configuration list for PBXNativeTarget "PitchPerfectTests" */;
			buildPhases = (
				45A6E9601D15918E002A995D /* Sources */,
				45A6E9611D15918E002A995D /* Frameworks */,
				45A6E9621D15918E002A995D /* Resources */,
			);
			buildRules = (
			);
			dependencies = (
				45A6E9661D15918E002A995D /* PBXTargetDependency */,
			);
			name = PitchPerfectTests;
			productName = PitchPerfectTests;
			productReference = 45A6E9641D15918E002A995D /* PitchPerfectTests.xctest */;
			productType = "com.apple.product-type.bundle.unit-test";
		};
		45A6E96E1D15918E002A995D /* PitchPerfectUITests */ = {
			isa = PBXNativeTarget;
			buildConfigurationList = 45A6E97E1D15918E002A995D /* Build configuration list for PBXNativeTarget "PitchPerfectUITests" */;
			buildPhases = (
				45A6E96B1D15918E002A995D /* Sources */,
				45A6E96C1D15918E002A995D /* Frameworks */,
				45A6E96D1D15918E002A995D /* Resources */,
			);
			buildRules = (
			);
			dependencies = (
				45A6E9711D15918E002A995D /* PBXTargetDependency */,
			);
			name = PitchPerfectUITests;
			productName = PitchPerfectUITests;
			productReference = 45A6E96F1D15918E002A995D /* PitchPerfectUITests.xctest */;
			productType = "com.apple.product-type.bundle.ui-testing";
		};
/* End PBXNativeTarget section */

/* Begin PBXProject section */
		45A6E9481D15918D002A995D /* Project object */ = {
			isa = PBXProject;
			attributes = {
				LastSwiftUpdateCheck = 0730;
				LastUpgradeCheck = 0730;
				ORGANIZATIONNAME = "Emanuele Bartolomucci";
				TargetAttributes = {
					45A6E94F1D15918D002A995D = {
						CreatedOnToolsVersion = 7.3.1;
						DevelopmentTeam = PX58H9F399;
					};
					45A6E9631D15918E002A995D = {
						CreatedOnToolsVersion = 7.3.1;
						DevelopmentTeam = PX58H9F399;
						TestTargetID = 45A6E94F1D15918D002A995D;
					};
					45A6E96E1D15918E002A995D = {
						CreatedOnToolsVersion = 7.3.1;
						DevelopmentTeam = PX58H9F399;
						TestTargetID = 45A6E94F1D15918D002A995D;
					};
				};
			};
			buildConfigurationList = 45A6E94B1D15918D002A995D /* Build configuration list for PBXProject "PitchPerfect" */;
			compatibilityVersion = "Xcode 3.2";
			developmentRegion = English;
			hasScannedForEncodings = 0;
			knownRegions = (
				en,
				Base,
			);
			mainGroup = 45A6E9471D15918D002A995D;
			productRefGroup = 45A6E9511D15918D002A995D /* Products */;
			projectDirPath = "";
			projectRoot = "";
			targets = (
				45A6E94F1D15918D002A995D /* PitchPerfect */,
				45A6E9631D15918E002A995D /* PitchPerfectTests */,
				45A6E96E1D15918E002A995D /* PitchPerfectUITests */,
			);
		};
/* End PBXProject section */

/* Begin PBXResourcesBuildPhase section */
		45A6E94E1D15918D002A995D /* Resources */ = {
			isa = PBXResourcesBuildPhase;
			buildActionMask = 2147483647;
			files = (
				45A6E95E1D15918E002A995D /* LaunchScreen.storyboard in Resources */,
				45A6E95B1D15918E002A995D /* Assets.xcassets in Resources */,
				45A6E9591D15918E002A995D /* Main.storyboard in Resources */,
			);
			runOnlyForDeploymentPostprocessing = 0;
		};
		45A6E9621D15918E002A995D /* Resources */ = {
			isa = PBXResourcesBuildPhase;
			buildActionMask = 2147483647;
			files = (
			);
			runOnlyForDeploymentPostprocessing = 0;
		};
		45A6E96D1D15918E002A995D /* Resources */ = {
			isa = PBXResourcesBuildPhase;
			buildActionMask = 2147483647;
			files = (
			);
			runOnlyForDeploymentPostprocessing = 0;
		};
/* End PBXResourcesBuildPhase section */

/* Begin PBXSourcesBuildPhase section */
		45A6E94C1D15918D002A995D /* Sources */ = {
			isa = PBXSourcesBuildPhase;
			buildActionMask = 2147483647;
			files = (
				45A6E9561D15918E002A995D /* RecordAudioViewController.swift in Sources */,
				4589BA0A1D16EB7400DA6561 /* PlaySoundsViewController+Audio.swift in Sources */,
				4589BA081D15B90800DA6561 /* PlaySoundsViewController.swift in Sources */,
				45A6E9541D15918E002A995D /* AppDelegate.swift in Sources */,
			);
			runOnlyForDeploymentPostprocessing = 0;
		};
		45A6E9601D15918E002A995D /* Sources */ = {
			isa = PBXSourcesBuildPhase;
			buildActionMask = 2147483647;
			files = (
				45A6E9691D15918E002A995D /* PitchPerfectTests.swift in Sources */,
			);
			runOnlyForDeploymentPostprocessing = 0;
		};
		45A6E96B1D15918E002A995D /* Sources */ = {
			isa = PBXSourcesBuildPhase;
			buildActionMask = 2147483647;
			files = (
				45A6E9741D15918E002A995D /* PitchPerfectUITests.swift in Sources */,
			);
			runOnlyForDeploymentPostprocessing = 0;
		};
/* End PBXSourcesBuildPhase section */

/* Begin PBXTargetDependency section */
		45A6E9661D15918E002A995D /* PBXTargetDependency */ = {
			isa = PBXTargetDependency;
			target = 45A6E94F1D15918D002A995D /* PitchPerfect */;
			targetProxy = 45A6E9651D15918E002A995D /* PBXContainerItemProxy */;
		};
		45A6E9711D15918E002A995D /* PBXTargetDependency */ = {
			isa = PBXTargetDependency;
			target = 45A6E94F1D15918D002A995D /* PitchPerfect */;
			targetProxy = 45A6E9701D15918E002A995D /* PBXContainerItemProxy */;
		};
/* End PBXTargetDependency section */

/* Begin PBXVariantGroup section */
		45A6E9571D15918E002A995D /* Main.storyboard */ = {
			isa = PBXVariantGroup;
			children = (
				45A6E9581D15918E002A995D /* Base */,
			);
			name = Main.storyboard;
			sourceTree = "<group>";
		};
		45A6E95C1D15918E002A995D /* LaunchScreen.storyboard */ = {
			isa = PBXVariantGroup;
			children = (
				45A6E95D1D15918E002A995D /* Base */,
			);
			name = LaunchScreen.storyboard;
			sourceTree = "<group>";
		};
/* End PBXVariantGroup section */

/* Begin XCBuildConfiguration section */
		45A6E9761D15918E002A995D /* Debug */ = {
			isa = XCBuildConfiguration;
			buildSettings = {
				ALWAYS_SEARCH_USER_PATHS = NO;
				CLANG_ANALYZER_NONNULL = YES;
				CLANG_CXX_LANGUAGE_STANDARD = "gnu++0x";
				CLANG_CXX_LIBRARY = "libc++";
				CLANG_ENABLE_MODULES = YES;
				CLANG_ENABLE_OBJC_ARC = YES;
				CLANG_WARN_BOOL_CONVERSION = YES;
				CLANG_WARN_CONSTANT_CONVERSION = YES;
				CLANG_WARN_DIRECT_OBJC_ISA_USAGE = YES_ERROR;
				CLANG_WARN_EMPTY_BODY = YES;
				CLANG_WARN_ENUM_CONVERSION = YES;
				CLANG_WARN_INT_CONVERSION = YES;
				CLANG_WARN_OBJC_ROOT_CLASS = YES_ERROR;
				CLANG_WARN_UNREACHABLE_CODE = YES;
				CLANG_WARN__DUPLICATE_METHOD_MATCH = YES;
				"CODE_SIGN_IDENTITY[sdk=iphoneos*]" = "iPhone Developer";
				COPY_PHASE_STRIP = NO;
				DEBUG_INFORMATION_FORMAT = dwarf;
				ENABLE_STRICT_OBJC_MSGSEND = YES;
				ENABLE_TESTABILITY = YES;
				GCC_C_LANGUAGE_STANDARD = gnu99;
				GCC_DYNAMIC_NO_PIC = NO;
				GCC_NO_COMMON_BLOCKS = YES;
				GCC_OPTIMIZATION_LEVEL = 0;
				GCC_PREPROCESSOR_DEFINITIONS = (
					"DEBUG=1",
					"$(inherited)",
				);
				GCC_WARN_64_TO_32_BIT_CONVERSION = YES;
				GCC_WARN_ABOUT_RETURN_TYPE = YES_ERROR;
				GCC_WARN_UNDECLARED_SELECTOR = YES;
				GCC_WARN_UNINITIALIZED_AUTOS = YES_AGGRESSIVE;
				GCC_WARN_UNUSED_FUNCTION = YES;
				GCC_WARN_UNUSED_VARIABLE = YES;
				IPHONEOS_DEPLOYMENT_TARGET = 9.3;
				MTL_ENABLE_DEBUG_INFO = YES;
				ONLY_ACTIVE_ARCH = YES;
				SDKROOT = iphoneos;
				SWIFT_OPTIMIZATION_LEVEL = "-Onone";
				TARGETED_DEVICE_FAMILY = "1,2";
			};
			name = Debug;
		};
		45A6E9771D15918E002A995D /* Release */ = {
			isa = XCBuildConfiguration;
			buildSettings = {
				ALWAYS_SEARCH_USER_PATHS = NO;
				CLANG_ANALYZER_NONNULL = YES;
				CLANG_CXX_LANGUAGE_STANDARD = "gnu++0x";
				CLANG_CXX_LIBRARY = "libc++";
				CLANG_ENABLE_MODULES = YES;
				CLANG_ENABLE_OBJC_ARC = YES;
				CLANG_WARN_BOOL_CONVERSION = YES;
				CLANG_WARN_CONSTANT_CONVERSION = YES;
				CLANG_WARN_DIRECT_OBJC_ISA_USAGE = YES_ERROR;
				CLANG_WARN_EMPTY_BODY = YES;
				CLANG_WARN_ENUM_CONVERSION = YES;
				CLANG_WARN_INT_CONVERSION = YES;
				CLANG_WARN_OBJC_ROOT_CLASS = YES_ERROR;
				CLANG_WARN_UNREACHABLE_CODE = YES;
				CLANG_WARN__DUPLICATE_METHOD_MATCH = YES;
				"CODE_SIGN_IDENTITY[sdk=iphoneos*]" = "iPhone Developer";
				COPY_PHASE_STRIP = NO;
				DEBUG_INFORMATION_FORMAT = "dwarf-with-dsym";
				ENABLE_NS_ASSERTIONS = NO;
				ENABLE_STRICT_OBJC_MSGSEND = YES;
				GCC_C_LANGUAGE_STANDARD = gnu99;
				GCC_NO_COMMON_BLOCKS = YES;
				GCC_WARN_64_TO_32_BIT_CONVERSION = YES;
				GCC_WARN_ABOUT_RETURN_TYPE = YES_ERROR;
				GCC_WARN_UNDECLARED_SELECTOR = YES;
				GCC_WARN_UNINITIALIZED_AUTOS = YES_AGGRESSIVE;
				GCC_WARN_UNUSED_FUNCTION = YES;
				GCC_WARN_UNUSED_VARIABLE = YES;
				IPHONEOS_DEPLOYMENT_TARGET = 9.3;
				MTL_ENABLE_DEBUG_INFO = NO;
				SDKROOT = iphoneos;
				TARGETED_DEVICE_FAMILY = "1,2";
				VALIDATE_PRODUCT = YES;
			};
			name = Release;
		};
		45A6E9791D15918E002A995D /* Debug */ = {
			isa = XCBuildConfiguration;
			buildSettings = {
				ASSETCATALOG_COMPILER_APPICON_NAME = AppIcon;
				INFOPLIST_FILE = PitchPerfect/Info.plist;
				LD_RUNPATH_SEARCH_PATHS = "$(inherited) @executable_path/Frameworks";
				PRODUCT_BUNDLE_IDENTIFIER = com.emabartolomucci.PitchPerfect;
				PRODUCT_NAME = "$(TARGET_NAME)";
			};
			name = Debug;
		};
		45A6E97A1D15918E002A995D /* Release */ = {
			isa = XCBuildConfiguration;
			buildSettings = {
				ASSETCATALOG_COMPILER_APPICON_NAME = AppIcon;
				INFOPLIST_FILE = PitchPerfect/Info.plist;
				LD_RUNPATH_SEARCH_PATHS = "$(inherited) @executable_path/Frameworks";
				PRODUCT_BUNDLE_IDENTIFIER = com.emabartolomucci.PitchPerfect;
				PRODUCT_NAME = "$(TARGET_NAME)";
			};
			name = Release;
		};
		45A6E97C1D15918E002A995D /* Debug */ = {
			isa = XCBuildConfiguration;
			buildSettings = {
				BUNDLE_LOADER = "$(TEST_HOST)";
				INFOPLIST_FILE = PitchPerfectTests/Info.plist;
				LD_RUNPATH_SEARCH_PATHS = "$(inherited) @executable_path/Frameworks @loader_path/Frameworks";
				PRODUCT_BUNDLE_IDENTIFIER = com.emabartolomucci.PitchPerfectTests;
				PRODUCT_NAME = "$(TARGET_NAME)";
				TEST_HOST = "$(BUILT_PRODUCTS_DIR)/PitchPerfect.app/PitchPerfect";
			};
			name = Debug;
		};
		45A6E97D1D15918E002A995D /* Release */ = {
			isa = XCBuildConfiguration;
			buildSettings = {
				BUNDLE_LOADER = "$(TEST_HOST)";
				INFOPLIST_FILE = PitchPerfectTests/Info.plist;
				LD_RUNPATH_SEARCH_PATHS = "$(inherited) @executable_path/Frameworks @loader_path/Frameworks";
				PRODUCT_BUNDLE_IDENTIFIER = com.emabartolomucci.PitchPerfectTests;
				PRODUCT_NAME = "$(TARGET_NAME)";
				TEST_HOST = "$(BUILT_PRODUCTS_DIR)/PitchPerfect.app/PitchPerfect";
			};
			name = Release;
		};
		45A6E97F1D15918E002A995D /* Debug */ = {
			isa = XCBuildConfiguration;
			buildSettings = {
				INFOPLIST_FILE = PitchPerfectUITests/Info.plist;
				LD_RUNPATH_SEARCH_PATHS = "$(inherited) @executable_path/Frameworks @loader_path/Frameworks";
				PRODUCT_BUNDLE_IDENTIFIER = com.emabartolomucci.PitchPerfectUITests;
				PRODUCT_NAME = "$(TARGET_NAME)";
				TEST_TARGET_NAME = PitchPerfect;
			};
			name = Debug;
		};
		45A6E9801D15918E002A995D /* Release */ = {
			isa = XCBuildConfiguration;
			buildSettings = {
				INFOPLIST_FILE = PitchPerfectUITests/Info.plist;
				LD_RUNPATH_SEARCH_PATHS = "$(inherited) @executable_path/Frameworks @loader_path/Frameworks";
				PRODUCT_BUNDLE_IDENTIFIER = com.emabartolomucci.PitchPerfectUITests;
				PRODUCT_NAME = "$(TARGET_NAME)";
				TEST_TARGET_NAME = PitchPerfect;
			};
			name = Release;
		};
/* End XCBuildConfiguration section */

/* Begin XCConfigurationList section */
		45A6E94B1D15918D002A995D /* Build configuration list for PBXProject "PitchPerfect" */ = {
			isa = XCConfigurationList;
			buildConfigurations = (
				45A6E9761D15918E002A995D /* Debug */,
				45A6E9771D15918E002A995D /* Release */,
			);
			defaultConfigurationIsVisible = 0;
			defaultConfigurationName = Release;
		};
		45A6E9781D15918E002A995D /* Build configuration list for PBXNativeTarget "PitchPerfect" */ = {
			isa = XCConfigurationList;
			buildConfigurations = (
				45A6E9791D15918E002A995D /* Debug */,
				45A6E97A1D15918E002A995D /* Release */,
			);
			defaultConfigurationIsVisible = 0;
			defaultConfigurationName = Release;
		};
		45A6E97B1D15918E002A995D /* Build configuration list for PBXNativeTarget "PitchPerfectTests" */ = {
			isa = XCConfigurationList;
			buildConfigurations = (
				45A6E97C1D15918E002A995D /* Debug */,
				45A6E97D1D15918E002A995D /* Release */,
			);
			defaultConfigurationIsVisible = 0;
			defaultConfigurationName = Release;
		};
		45A6E97E1D15918E002A995D /* Build configuration list for PBXNativeTarget "PitchPerfectUITests" */ = {
			isa = XCConfigurationList;
			buildConfigurations = (
				45A6E97F1D15918E002A995D /* Debug */,
				45A6E9801D15918E002A995D /* Release */,
			);
			defaultConfigurationIsVisible = 0;
			defaultConfigurationName = Release;
		};
/* End XCConfigurationList section */
	};
	rootObject = 45A6E9481D15918D002A995D /* Project object */;
}
